
Microsoft Visual Studio Solution File, Format Version 12.00
# Visual Studio Version 17
VisualStudioVersion = 17.7.34024.191
MinimumVisualStudioVersion = 10.0.40219.1
Project("{FAE04EC0-301F-11D3-BF4B-00C04F79EFBC}") = "ДЗ 23.09.2023", "ДЗ 23.09.2023\ДЗ 23.09.2023.csproj", "{028B1A4A-9DC8-42D1-A8DB-CCBABCB82880}"
EndProject
Project("{FAE04EC0-301F-11D3-BF4B-00C04F79EFBC}") = "Часть 2", "Часть 2\Часть 2.csproj", "{361632CB-F130-4F1C-9EF7-AE7CA8B0924C}"
EndProject
Global
	GlobalSection(SolutionConfigurationPlatforms) = preSolution
		Debug|Any CPU = Debug|Any CPU
		Release|Any CPU = Release|Any CPU
	EndGlobalSection
	GlobalSection(ProjectConfigurationPlatforms) = postSolution
		{028B1A4A-9DC8-42D1-A8DB-CCBABCB82880}.Debug|Any CPU.ActiveCfg = Debug|Any CPU
		{028B1A4A-9DC8-42D1-A8DB-CCBABCB82880}.Debug|Any CPU.Build.0 = Debug|Any CPU
		{028B1A4A-9DC8-42D1-A8DB-CCBABCB82880}.Release|Any CPU.ActiveCfg = Release|Any CPU
		{028B1A4A-9DC8-42D1-A8DB-CCBABCB82880}.Release|Any CPU.Build.0 = Release|Any CPU
		{361632CB-F130-4F1C-9EF7-AE7CA8B0924C}.Debug|Any CPU.ActiveCfg = Debug|Any CPU
		{361632CB-F130-4F1C-9EF7-AE7CA8B0924C}.Debug|Any CPU.Build.0 = Debug|Any CPU
		{361632CB-F130-4F1C-9EF7-AE7CA8B0924C}.Release|Any CPU.ActiveCfg = Release|Any CPU
		{361632CB-F130-4F1C-9EF7-AE7CA8B0924C}.Release|Any CPU.Build.0 = Release|Any CPU
	EndGlobalSection
	GlobalSection(SolutionProperties) = preSolution
		HideSolutionNode = FALSE
	EndGlobalSection
	GlobalSection(ExtensibilityGlobals) = postSolution
		SolutionGuid = {69A144D6-37F3-4D21-B577-A5D30B758F04}
	EndGlobalSection
EndGlobal
